
Microsoft Visual Studio Solution File, Format Version 12.00
# Visual Studio Version 17
VisualStudioVersion = 17.3.32825.248
MinimumVisualStudioVersion = 10.0.40219.1
Project("{9A19103F-16F7-4668-BE54-9A1E7A4F7556}") = "Podcast.Infrastructure", "Podcast.Infrastructure.csproj", "{13C9A0A5-5854-4063-A1E4-0DC8DCEA3A62}"
EndProject
Global
	GlobalSection(SolutionConfigurationPlatforms) = preSolution
		Debug|Any CPU = Debug|Any CPU
		Release|Any CPU = Release|Any CPU
	EndGlobalSection
	GlobalSection(ProjectConfigurationPlatforms) = postSolution
		{13C9A0A5-5854-4063-A1E4-0DC8DCEA3A62}.Debug|Any CPU.ActiveCfg = Debug|Any CPU
		{13C9A0A5-5854-4063-A1E4-0DC8DCEA3A62}.Debug|Any CPU.Build.0 = Debug|Any CPU
		{13C9A0A5-5854-4063-A1E4-0DC8DCEA3A62}.Release|Any CPU.ActiveCfg = Release|Any CPU
		{13C9A0A5-5854-4063-A1E4-0DC8DCEA3A62}.Release|Any CPU.Build.0 = Release|Any CPU
	EndGlobalSection
	GlobalSection(SolutionProperties) = preSolution
		HideSolutionNode = FALSE
	EndGlobalSection
	GlobalSection(ExtensibilityGlobals) = postSolution
		SolutionGuid = {DD11947D-70A3-4868-A0F2-C83CADAD65CF}
	EndGlobalSection
EndGlobal
