
Microsoft Visual Studio Solution File, Format Version 12.00
# Visual Studio Version 17
VisualStudioVersion = 17.0.31612.314
MinimumVisualStudioVersion = 10.0.40219.1
Project("{9A19103F-16F7-4668-BE54-9A1E7A4F7556}") = "Microsoft.NetConf2021.Maui", "Microsoft.NetConf2021.Maui.csproj", "{40AF2684-0216-4D63-A53E-FE96B524EA10}"
EndProject
Project("{2150E333-8FDC-42A3-9474-1A3956D46DE8}") = "Solution Items", "Solution Items", "{9B429279-1D3D-49A4-A25B-B66714F13CB3}"
	ProjectSection(SolutionItems) = preProject
		.editorconfig = .editorconfig
		..\..\Directory.build.props = ..\..\Directory.build.props
	EndProjectSection
EndProject
Project("{2150E333-8FDC-42A3-9474-1A3956D46DE8}") = "Components", "Components", "{3C5FB15D-901F-4991-AAFE-4C60F3B328C4}"
EndProject
Project("{9A19103F-16F7-4668-BE54-9A1E7A4F7556}") = "Podcast.Components", "..\Web\Components\Podcast.Components.csproj", "{39AD8B68-B8D3-43D4-86D4-3589E4AE81AD}"
EndProject
Project("{9A19103F-16F7-4668-BE54-9A1E7A4F7556}") = "SharedMauiLib", "..\Lib\SharedMauiLib\SharedMauiLib.csproj", "{772830C6-56B3-4A57-A8E1-50A715F149F5}"
EndProject
Global
	GlobalSection(SolutionConfigurationPlatforms) = preSolution
		Debug|Any CPU = Debug|Any CPU
		Release|Any CPU = Release|Any CPU
	EndGlobalSection
	GlobalSection(ProjectConfigurationPlatforms) = postSolution
		{40AF2684-0216-4D63-A53E-FE96B524EA10}.Debug|Any CPU.ActiveCfg = Debug|Any CPU
		{40AF2684-0216-4D63-A53E-FE96B524EA10}.Debug|Any CPU.Build.0 = Debug|Any CPU
		{40AF2684-0216-4D63-A53E-FE96B524EA10}.Debug|Any CPU.Deploy.0 = Debug|Any CPU
		{40AF2684-0216-4D63-A53E-FE96B524EA10}.Release|Any CPU.ActiveCfg = Release|Any CPU
		{40AF2684-0216-4D63-A53E-FE96B524EA10}.Release|Any CPU.Build.0 = Release|Any CPU
		{40AF2684-0216-4D63-A53E-FE96B524EA10}.Release|Any CPU.Deploy.0 = Release|Any CPU
		{39AD8B68-B8D3-43D4-86D4-3589E4AE81AD}.Debug|Any CPU.ActiveCfg = Debug|Any CPU
		{39AD8B68-B8D3-43D4-86D4-3589E4AE81AD}.Debug|Any CPU.Build.0 = Debug|Any CPU
		{39AD8B68-B8D3-43D4-86D4-3589E4AE81AD}.Release|Any CPU.ActiveCfg = Release|Any CPU
		{39AD8B68-B8D3-43D4-86D4-3589E4AE81AD}.Release|Any CPU.Build.0 = Release|Any CPU
		{772830C6-56B3-4A57-A8E1-50A715F149F5}.Debug|Any CPU.ActiveCfg = Debug|Any CPU
		{772830C6-56B3-4A57-A8E1-50A715F149F5}.Debug|Any CPU.Build.0 = Debug|Any CPU
		{772830C6-56B3-4A57-A8E1-50A715F149F5}.Release|Any CPU.ActiveCfg = Release|Any CPU
		{772830C6-56B3-4A57-A8E1-50A715F149F5}.Release|Any CPU.Build.0 = Release|Any CPU
	EndGlobalSection
	GlobalSection(SolutionProperties) = preSolution
		HideSolutionNode = FALSE
	EndGlobalSection
	GlobalSection(NestedProjects) = preSolution
		{39AD8B68-B8D3-43D4-86D4-3589E4AE81AD} = {3C5FB15D-901F-4991-AAFE-4C60F3B328C4}
	EndGlobalSection
	GlobalSection(ExtensibilityGlobals) = postSolution
		SolutionGuid = {61F7FB11-1E47-470C-91E2-47F8143E1572}
	EndGlobalSection
EndGlobal
