{
  "name": "dotnet-podcasts",
  "version": "1.0.0",
  "lockfileVersion": 2,
  "requires": true,
  "packages": {
    "": {
      "name": "dotnet-podcasts",
      "version": "1.0.0",
      "license": "ISC",
      "devDependencies": {
        "@playwright/test": "^1.26.0"
      }
    },
    "node_modules/@playwright/test": {
      "version": "1.26.0",
      "resolved": "https://registry.npmjs.org/@playwright/test/-/test-1.26.0.tgz",
      "integrity": "sha512-D24pu1k/gQw3Lhbpc38G5bXlBjGDrH5A52MsrH12wz6ohGDeQ+aZg/JFSEsT/B3G8zlJe/EU4EkJK74hpqsjEg==",
      "dev": true,
      "dependencies": {
        "@types/node": "*",
        "playwright-core": "1.26.0"
      },
      "bin": {
        "playwright": "cli.js"
      },
      "engines": {
        "node": ">=14"
      }
    },
    "node_modules/@types/node": {
      "version": "18.7.16",
      "resolved": "https://registry.npmjs.org/@types/node/-/node-18.7.16.tgz",
      "integrity": "sha512-EQHhixfu+mkqHMZl1R2Ovuvn47PUw18azMJOTwSZr9/fhzHNGXAJ0ma0dayRVchprpCj0Kc1K1xKoWaATWF1qg==",
      "dev": true
    },
    "node_modules/playwright-core": {
      "version": "1.26.0",
      "resolved": "https://registry.npmjs.org/playwright-core/-/playwright-core-1.26.0.tgz",
      "integrity": "sha512-p8huU8eU4gD3VkJd3DA1nA7R3XA6rFvFL+1RYS96cSljCF2yJE9CWEHTPF4LqX8KN9MoWCrAfVKP5381X3CZqg==",
      "dev": true,
      "bin": {
        "playwright": "cli.js"
      },
      "engines": {
        "node": ">=14"
      }
    }
  },
  "dependencies": {
    "@playwright/test": {
      "version": "1.26.0",
      "resolved": "https://registry.npmjs.org/@playwright/test/-/test-1.26.0.tgz",
      "integrity": "sha512-D24pu1k/gQw3Lhbpc38G5bXlBjGDrH5A52MsrH12wz6ohGDeQ+aZg/JFSEsT/B3G8zlJe/EU4EkJK74hpqsjEg==",
      "dev": true,
      "requires": {
        "@types/node": "*",
        "playwright-core": "1.26.0"
      }
    },
    "@types/node": {
      "version": "18.7.16",
      "resolved": "https://registry.npmjs.org/@types/node/-/node-18.7.16.tgz",
      "integrity": "sha512-EQHhixfu+mkqHMZl1R2Ovuvn47PUw18azMJOTwSZr9/fhzHNGXAJ0ma0dayRVchprpCj0Kc1K1xKoWaATWF1qg==",
      "dev": true
    },
    "playwright-core": {
      "version": "1.26.0",
      "resolved": "https://registry.npmjs.org/playwright-core/-/playwright-core-1.26.0.tgz",
      "integrity": "sha512-p8huU8eU4gD3VkJd3DA1nA7R3XA6rFvFL+1RYS96cSljCF2yJE9CWEHTPF4LqX8KN9MoWCrAfVKP5381X3CZqg==",
      "dev": true
    }
  }
}
